
Microsoft Visual Studio Solution File, Format Version 12.00
# Visual Studio Version 17
VisualStudioVersion = 17.5.33414.496
MinimumVisualStudioVersion = 10.0.40219.1
Project("{2150E333-8FDC-42A3-9474-1A3956D46DE8}") = "src", "src", "{5A2EEAAF-597A-41A5-B80D-F33B93D0512D}"
EndProject
Project("{2150E333-8FDC-42A3-9474-1A3956D46DE8}") = "Building Blocks", "Building Blocks", "{7D36A45A-B0CB-4D64-B07F-B32DCB8349BD}"
EndProject
Project("{2150E333-8FDC-42A3-9474-1A3956D46DE8}") = "Web", "Web", "{05F41270-530F-4C70-98A1-9ADC4306A5B0}"
EndProject
Project("{2150E333-8FDC-42A3-9474-1A3956D46DE8}") = "Services", "Services", "{85E44479-D266-4DDC-82D3-7F95F0294EB7}"
EndProject
Project("{2150E333-8FDC-42A3-9474-1A3956D46DE8}") = "Identidade", "Identidade", "{492F8582-9B74-4A65-90B0-672A7D6F0DC0}"
EndProject
Project("{9A19103F-16F7-4668-BE54-9A1E7A4F7556}") = "NSE.Identidade.API", "src\services\NSE.Identidade.API\NSE.Identidade.API.csproj", "{D0AA8CF7-9F85-4095-88EC-81F53189F441}"
EndProject
Project("{9A19103F-16F7-4668-BE54-9A1E7A4F7556}") = "NSE.WebApp.MVC", "src\web\NSE.WebApp.MVC\NSE.WebApp.MVC.csproj", "{E36A0E14-648F-4784-8236-B81D807DA658}"
EndProject
Project("{2150E333-8FDC-42A3-9474-1A3956D46DE8}") = "Core", "Core", "{EAAE231E-410B-4D7D-B133-40FAA3FF8306}"
EndProject
Project("{9A19103F-16F7-4668-BE54-9A1E7A4F7556}") = "NSE.Core", "src\building blocks\NSE.Core\NSE.Core.csproj", "{83229282-02DD-4212-AB95-C6C457D46735}"
EndProject
Project("{2150E333-8FDC-42A3-9474-1A3956D46DE8}") = "Carrinho", "Carrinho", "{DED3D68F-ED71-4A1D-914C-129A1972442C}"
EndProject
Project("{9A19103F-16F7-4668-BE54-9A1E7A4F7556}") = "NSE.Carrinho.API", "src\services\NSE.Carrinho.API\NSE.Carrinho.API.csproj", "{3617CB43-0F5F-4639-8B1C-5E47F6C11EB5}"
EndProject
Project("{2150E333-8FDC-42A3-9474-1A3956D46DE8}") = "Catalogo", "Catalogo", "{77798518-65ED-47F0-8AE2-E1990AAD4E3C}"
EndProject
Project("{9A19103F-16F7-4668-BE54-9A1E7A4F7556}") = "NSE.Catalogo.API", "src\services\NSE.Catalogo.API\NSE.Catalogo.API.csproj", "{92292AFC-BC7B-48D7-9C0D-2DA4736682C6}"
EndProject
Project("{2150E333-8FDC-42A3-9474-1A3956D46DE8}") = "Cliente", "Cliente", "{9EEDD8E9-3B09-430F-B10C-373D7B081472}"
EndProject
Project("{9A19103F-16F7-4668-BE54-9A1E7A4F7556}") = "NSE.Cliente.API", "src\services\NSE.Cliente.API\NSE.Cliente.API.csproj", "{19C939A5-E560-4B57-ADF1-072FD1735DC3}"
EndProject
Project("{2150E333-8FDC-42A3-9474-1A3956D46DE8}") = "Pagamento", "Pagamento", "{C5915234-67A4-4FDD-8FF5-1C924D24E345}"
EndProject
Project("{9A19103F-16F7-4668-BE54-9A1E7A4F7556}") = "NSE.Pagamento.API", "src\services\NSE.Pagamento.API\NSE.Pagamento.API.csproj", "{C3CCB74C-5C47-4DD7-94CF-7E9349F7F5E1}"
EndProject
Project("{2150E333-8FDC-42A3-9474-1A3956D46DE8}") = "Pedido", "Pedido", "{896827A8-E492-4CC6-B8B3-F7A94958146C}"
EndProject
Project("{9A19103F-16F7-4668-BE54-9A1E7A4F7556}") = "NSE.Pedido.API", "src\services\NSE.Pedido.API\NSE.Pedido.API.csproj", "{021736DB-E7F0-473D-8606-4766B04ABD66}"
EndProject
Project("{2150E333-8FDC-42A3-9474-1A3956D46DE8}") = "Services", "Services", "{1AFC9507-5942-4975-A6A0-5F1EEB240BC5}"
EndProject
Project("{FAE04EC0-301F-11D3-BF4B-00C04F79EFBC}") = "NSE.WebApi.Core", "src\building blocks\NSE.WebApi.Core\NSE.WebApi.Core.csproj", "{9EECBE61-9A3B-427D-A72B-1B56E85C6CFF}"
EndProject
Global
	GlobalSection(SolutionConfigurationPlatforms) = preSolution
		Debug|Any CPU = Debug|Any CPU
		Release|Any CPU = Release|Any CPU
	EndGlobalSection
	GlobalSection(ProjectConfigurationPlatforms) = postSolution
		{D0AA8CF7-9F85-4095-88EC-81F53189F441}.Debug|Any CPU.ActiveCfg = Debug|Any CPU
		{D0AA8CF7-9F85-4095-88EC-81F53189F441}.Debug|Any CPU.Build.0 = Debug|Any CPU
		{D0AA8CF7-9F85-4095-88EC-81F53189F441}.Release|Any CPU.ActiveCfg = Release|Any CPU
		{D0AA8CF7-9F85-4095-88EC-81F53189F441}.Release|Any CPU.Build.0 = Release|Any CPU
		{E36A0E14-648F-4784-8236-B81D807DA658}.Debug|Any CPU.ActiveCfg = Debug|Any CPU
		{E36A0E14-648F-4784-8236-B81D807DA658}.Debug|Any CPU.Build.0 = Debug|Any CPU
		{E36A0E14-648F-4784-8236-B81D807DA658}.Release|Any CPU.ActiveCfg = Release|Any CPU
		{E36A0E14-648F-4784-8236-B81D807DA658}.Release|Any CPU.Build.0 = Release|Any CPU
		{83229282-02DD-4212-AB95-C6C457D46735}.Debug|Any CPU.ActiveCfg = Debug|Any CPU
		{83229282-02DD-4212-AB95-C6C457D46735}.Debug|Any CPU.Build.0 = Debug|Any CPU
		{83229282-02DD-4212-AB95-C6C457D46735}.Release|Any CPU.ActiveCfg = Release|Any CPU
		{83229282-02DD-4212-AB95-C6C457D46735}.Release|Any CPU.Build.0 = Release|Any CPU
		{3617CB43-0F5F-4639-8B1C-5E47F6C11EB5}.Debug|Any CPU.ActiveCfg = Debug|Any CPU
		{3617CB43-0F5F-4639-8B1C-5E47F6C11EB5}.Debug|Any CPU.Build.0 = Debug|Any CPU
		{3617CB43-0F5F-4639-8B1C-5E47F6C11EB5}.Release|Any CPU.ActiveCfg = Release|Any CPU
		{3617CB43-0F5F-4639-8B1C-5E47F6C11EB5}.Release|Any CPU.Build.0 = Release|Any CPU
		{92292AFC-BC7B-48D7-9C0D-2DA4736682C6}.Debug|Any CPU.ActiveCfg = Debug|Any CPU
		{92292AFC-BC7B-48D7-9C0D-2DA4736682C6}.Debug|Any CPU.Build.0 = Debug|Any CPU
		{92292AFC-BC7B-48D7-9C0D-2DA4736682C6}.Release|Any CPU.ActiveCfg = Release|Any CPU
		{92292AFC-BC7B-48D7-9C0D-2DA4736682C6}.Release|Any CPU.Build.0 = Release|Any CPU
		{19C939A5-E560-4B57-ADF1-072FD1735DC3}.Debug|Any CPU.ActiveCfg = Debug|Any CPU
		{19C939A5-E560-4B57-ADF1-072FD1735DC3}.Debug|Any CPU.Build.0 = Debug|Any CPU
		{19C939A5-E560-4B57-ADF1-072FD1735DC3}.Release|Any CPU.ActiveCfg = Release|Any CPU
		{19C939A5-E560-4B57-ADF1-072FD1735DC3}.Release|Any CPU.Build.0 = Release|Any CPU
		{C3CCB74C-5C47-4DD7-94CF-7E9349F7F5E1}.Debug|Any CPU.ActiveCfg = Debug|Any CPU
		{C3CCB74C-5C47-4DD7-94CF-7E9349F7F5E1}.Debug|Any CPU.Build.0 = Debug|Any CPU
		{C3CCB74C-5C47-4DD7-94CF-7E9349F7F5E1}.Release|Any CPU.ActiveCfg = Release|Any CPU
		{C3CCB74C-5C47-4DD7-94CF-7E9349F7F5E1}.Release|Any CPU.Build.0 = Release|Any CPU
		{021736DB-E7F0-473D-8606-4766B04ABD66}.Debug|Any CPU.ActiveCfg = Debug|Any CPU
		{021736DB-E7F0-473D-8606-4766B04ABD66}.Debug|Any CPU.Build.0 = Debug|Any CPU
		{021736DB-E7F0-473D-8606-4766B04ABD66}.Release|Any CPU.ActiveCfg = Release|Any CPU
		{021736DB-E7F0-473D-8606-4766B04ABD66}.Release|Any CPU.Build.0 = Release|Any CPU
		{9EECBE61-9A3B-427D-A72B-1B56E85C6CFF}.Debug|Any CPU.ActiveCfg = Debug|Any CPU
		{9EECBE61-9A3B-427D-A72B-1B56E85C6CFF}.Debug|Any CPU.Build.0 = Debug|Any CPU
		{9EECBE61-9A3B-427D-A72B-1B56E85C6CFF}.Release|Any CPU.ActiveCfg = Release|Any CPU
		{9EECBE61-9A3B-427D-A72B-1B56E85C6CFF}.Release|Any CPU.Build.0 = Release|Any CPU
	EndGlobalSection
	GlobalSection(SolutionProperties) = preSolution
		HideSolutionNode = FALSE
	EndGlobalSection
	GlobalSection(NestedProjects) = preSolution
		{7D36A45A-B0CB-4D64-B07F-B32DCB8349BD} = {5A2EEAAF-597A-41A5-B80D-F33B93D0512D}
		{05F41270-530F-4C70-98A1-9ADC4306A5B0} = {5A2EEAAF-597A-41A5-B80D-F33B93D0512D}
		{85E44479-D266-4DDC-82D3-7F95F0294EB7} = {5A2EEAAF-597A-41A5-B80D-F33B93D0512D}
		{492F8582-9B74-4A65-90B0-672A7D6F0DC0} = {85E44479-D266-4DDC-82D3-7F95F0294EB7}
		{D0AA8CF7-9F85-4095-88EC-81F53189F441} = {492F8582-9B74-4A65-90B0-672A7D6F0DC0}
		{E36A0E14-648F-4784-8236-B81D807DA658} = {05F41270-530F-4C70-98A1-9ADC4306A5B0}
		{EAAE231E-410B-4D7D-B133-40FAA3FF8306} = {7D36A45A-B0CB-4D64-B07F-B32DCB8349BD}
		{83229282-02DD-4212-AB95-C6C457D46735} = {EAAE231E-410B-4D7D-B133-40FAA3FF8306}
		{DED3D68F-ED71-4A1D-914C-129A1972442C} = {85E44479-D266-4DDC-82D3-7F95F0294EB7}
		{3617CB43-0F5F-4639-8B1C-5E47F6C11EB5} = {DED3D68F-ED71-4A1D-914C-129A1972442C}
		{77798518-65ED-47F0-8AE2-E1990AAD4E3C} = {85E44479-D266-4DDC-82D3-7F95F0294EB7}
		{92292AFC-BC7B-48D7-9C0D-2DA4736682C6} = {77798518-65ED-47F0-8AE2-E1990AAD4E3C}
		{9EEDD8E9-3B09-430F-B10C-373D7B081472} = {85E44479-D266-4DDC-82D3-7F95F0294EB7}
		{19C939A5-E560-4B57-ADF1-072FD1735DC3} = {9EEDD8E9-3B09-430F-B10C-373D7B081472}
		{C5915234-67A4-4FDD-8FF5-1C924D24E345} = {85E44479-D266-4DDC-82D3-7F95F0294EB7}
		{C3CCB74C-5C47-4DD7-94CF-7E9349F7F5E1} = {C5915234-67A4-4FDD-8FF5-1C924D24E345}
		{896827A8-E492-4CC6-B8B3-F7A94958146C} = {85E44479-D266-4DDC-82D3-7F95F0294EB7}
		{021736DB-E7F0-473D-8606-4766B04ABD66} = {896827A8-E492-4CC6-B8B3-F7A94958146C}
		{1AFC9507-5942-4975-A6A0-5F1EEB240BC5} = {7D36A45A-B0CB-4D64-B07F-B32DCB8349BD}
		{9EECBE61-9A3B-427D-A72B-1B56E85C6CFF} = {1AFC9507-5942-4975-A6A0-5F1EEB240BC5}
	EndGlobalSection
	GlobalSection(ExtensibilityGlobals) = postSolution
		SolutionGuid = {EC062936-8993-4B7A-81F6-759A9F796CBA}
	EndGlobalSection
EndGlobal
